# This file is autogenerated, do not edit; changes may be undone by the next 'dep ensure'.


[[projects]]
  digest = "1:b06d27db2f87588507f245345f329b4192809e72ab32385a26a6eb25988eb82e"
  name = "github.com/corpix/uarand"
  packages = ["."]
  pruneopts = "UT"
  revision = "031be390f409fb4bac8fb299e3bcd101479f89f8"

[[projects]]
  digest = "1:abeb38ade3f32a92943e5be54f55ed6d6e3b6602761d74b4aab4c9dd45c18abd"
  name = "github.com/fsnotify/fsnotify"
  packages = ["."]
  pruneopts = "UT"
  revision = "c2828203cd70a50dcccfb2761f8b1f8ceef9a8e9"
  version = "v1.4.7"

[[projects]]
  digest = "1:f9448bfab8ebe44e3d91e4e4475cf92d60789a614652f361df4e41972c9d5caf"
  name = "github.com/go-pg/pg"
  packages = [
    ".",
    "internal",
    "internal/iszero",
    "internal/parser",
    "internal/pool",
    "internal/struct_filter",
    "internal/tag",
    "orm",
    "types",
  ]
  pruneopts = "UT"
  revision = "1d957cb20f319c4a1e2db7d345824c12aefe5943"
  version = "v8.0.6"

[[projects]]
  digest = "1:582b704bebaa06b48c29b0cec224a6058a09c86883aaddabde889cd1a5f73e1b"
  name = "github.com/google/uuid"
  packages = ["."]
  pruneopts = "UT"
  revision = "0cd6bf5da1e1c83f8b45653022c74f71af0538a4"
  version = "v1.1.1"

[[projects]]
  digest = "1:c0d19ab64b32ce9fe5cf4ddceba78d5bc9807f0016db6b1183599da3dcc24d10"
  name = "github.com/hashicorp/hcl"
  packages = [
    ".",
    "hcl/ast",
    "hcl/parser",
    "hcl/printer",
    "hcl/scanner",
    "hcl/strconv",
    "hcl/token",
    "json/parser",
    "json/scanner",
    "json/token",
  ]
  pruneopts = "UT"
  revision = "8cb6e5b959231cc1119e43259c4a608f9c51a241"
  version = "v1.0.0"

[[projects]]
  branch = "master"
  digest = "1:22725c01ecd8ed0c0f0078944305a57053340d92878b02db925c660cc4accf64"
  name = "github.com/icrowley/fake"
  packages = ["."]
  pruneopts = "UT"
  revision = "4178557ae428460c3780a381c824a1f3aceb6325"

[[projects]]
  digest = "1:870d441fe217b8e689d7949fef6e43efbc787e50f200cb1e70dbca9204a1d6be"
  name = "github.com/inconshreveable/mousetrap"
  packages = ["."]
  pruneopts = "UT"
  revision = "76626ae9c91c4f2a10f34cad8ce83ea42c93bb75"
  version = "v1.0"

[[projects]]
  digest = "1:01ed62f8f4f574d8aff1d88caee113700a2b44c42351943fa73cc1808f736a50"
  name = "github.com/jinzhu/inflection"
  packages = ["."]
  pruneopts = "UT"
  revision = "f5c5f50e6090ae76a29240b61ae2a90dd810112e"
  version = "v1.0.0"

[[projects]]
  branch = "master"
  digest = "1:1e4cb4abdbdd847cdfb21747190939e4e3813806f15b82804750defff0e98392"
  name = "github.com/k0kubun/go-ansi"
  packages = ["."]
  pruneopts = "UT"
  revision = "3bf9e290321332340cd6915d2386f733fbf7233a"

[[projects]]
  digest = "1:31e761d97c76151dde79e9d28964a812c46efc5baee4085b86f68f0c654450de"
  name = "github.com/konsorten/go-windows-terminal-sequences"
  packages = ["."]
  pruneopts = "UT"
  revision = "f55edac94c9bbba5d6182a4be46d86a2c9b5b50e"
  version = "v1.0.2"

[[projects]]
  digest = "1:5a0ef768465592efca0412f7e838cdc0826712f8447e70e6ccc52eb441e9ab13"
  name = "github.com/magiconair/properties"
  packages = ["."]
  pruneopts = "UT"
  revision = "de8848e004dd33dc07a2947b3d76f618a7fc7ef1"
  version = "v1.8.1"

[[projects]]
  digest = "1:0c58d31abe2a2ccb429c559b6292e7df89dcda675456fecc282fa90aa08273eb"
  name = "github.com/mattn/go-isatty"
  packages = ["."]
  pruneopts = "UT"
  revision = "7b513a986450394f7bbf1476909911b3aa3a55ce"
  version = "v0.0.12"

[[projects]]
  branch = "master"
  digest = "1:f7fe69581040ed4bb2d5444e3b53088f5c458e2e242e0ae44bd90bc3aa019462"
  name = "github.com/mitchellh/colorstring"
  packages = ["."]
  pruneopts = "UT"
  revision = "d06e56a500db4d08c33db0b79461e7c9beafca2d"

[[projects]]
  digest = "1:53bc4cd4914cd7cd52139990d5170d6dc99067ae31c56530621b18b35fc30318"
  name = "github.com/mitchellh/mapstructure"
  packages = ["."]
  pruneopts = "UT"
  revision = "3536a929edddb9a5b34bd6861dc4a9647cb459fe"
  version = "v1.1.2"

[[projects]]
  digest = "1:6eea828983c70075ca297bb915ffbcfd3e34c5a50affd94428a65df955c0ff9c"
  name = "github.com/pelletier/go-toml"
  packages = ["."]
  pruneopts = "UT"
  revision = "903d9455db9ff1d7ac1ab199062eca7266dd11a3"
  version = "v1.6.0"

[[projects]]
  digest = "1:09f7be132d992ac7be098ef1cb22b3fd26bc31fe6ac1e38053f95e928c42d602"
  name = "github.com/schollz/progressbar"
  packages = ["."]
  pruneopts = "UT"
  revision = "5889533e9edc007b052fa3162174e72ac9df3d16"
  version = "v2.15.0"

[[projects]]
  digest = "1:04457f9f6f3ffc5fea48e71d62f2ca256637dee0a04d710288e27e05c8b41976"
  name = "github.com/sirupsen/logrus"
  packages = ["."]
  pruneopts = "UT"
  revision = "839c75faf7f98a33d445d181f3018b5c3409a45e"
  version = "v1.4.2"

[[projects]]
  digest = "1:bb495ec276ab82d3dd08504bbc0594a65de8c3b22c6f2aaa92d05b73fbf3a82e"
  name = "github.com/spf13/afero"
  packages = [
    ".",
    "mem",
  ]
  pruneopts = "UT"
  revision = "588a75ec4f32903aa5e39a2619ba6a4631e28424"
  version = "v1.2.2"

[[projects]]
  digest = "1:ff4cd55a3666b6ea3a876c9e133bfb54d6c812e725409a773f2c94a0b3a92f4f"
  name = "github.com/spf13/cast"
  packages = ["."]
  pruneopts = "UT"
  revision = "1ffadf551085444af981432dd0f6d1160c11ec64"
  version = "v1.3.1"

[[projects]]
  digest = "1:e096613fb7cf34743d49af87d197663cfccd61876e2219853005a57baedfa562"
  name = "github.com/spf13/cobra"
  packages = ["."]
  pruneopts = "UT"
  revision = "f2b07da1e2c38d5f12845a4f607e2e1018cbb1f5"
  version = "v0.0.5"

[[projects]]
  digest = "1:1b753ec16506f5864d26a28b43703c58831255059644351bbcb019b843950900"
  name = "github.com/spf13/jwalterweatherman"
  packages = ["."]
  pruneopts = "UT"
  revision = "94f6ae3ed3bceceafa716478c5fbf8d29ca601a1"
  version = "v1.1.0"

[[projects]]
  digest = "1:524b71991fc7d9246cc7dc2d9e0886ccb97648091c63e30eef619e6862c955dd"
  name = "github.com/spf13/pflag"
  packages = ["."]
  pruneopts = "UT"
  revision = "2e9d26c8c37aae03e3f9d4e90b7116f5accb7cab"
  version = "v1.0.5"

[[projects]]
  digest = "1:83d0e0f3f46dc86daf27e4d7c834c8c492db787c53c09d94183de7478db92142"
  name = "github.com/spf13/viper"
  packages = ["."]
  pruneopts = "UT"
  revision = "4525543ce4fe90f7970f5e2cdc300b8ffc8c0582"
  version = "v1.6.2"

[[projects]]
  digest = "1:f4b32291cad5efac2bfdba89ccde6aa04618b62ce06c1a571da2dc4f3f2677fb"
  name = "github.com/subosito/gotenv"
  packages = ["."]
  pruneopts = "UT"
  revision = "2ef7124db659d49edac6aa459693a15ae36c671a"
  version = "v1.2.0"

[[projects]]
  branch = "master"
  digest = "1:f92f6956e4059f6a3efc14924d2dd58ba90da25cc57fe07ae3779ef2f5e0c5f2"
  name = "golang.org/x/crypto"
  packages = ["pbkdf2"]
  pruneopts = "UT"
  revision = "ecb85df213405b7d32e4d73cb5bbaace2ec88881"

[[projects]]
  branch = "master"
  digest = "1:72b7c210f8cfe1431d2f300fbf37f25e52aa77324b05ab6b698483054033803e"
  name = "golang.org/x/sys"
  packages = ["unix"]
  pruneopts = "UT"
  revision = "d101bd2416d505c0448a6ce8a282482678040a89"

[[projects]]
  digest = "1:1093f2eb4b344996604f7d8b29a16c5b22ab9e1b25652140d3fede39f640d5cd"
  name = "golang.org/x/text"
  packages = [
    "internal/gen",
    "internal/triegen",
    "internal/ucd",
    "transform",
    "unicode/cldr",
    "unicode/norm",
  ]
  pruneopts = "UT"
  revision = "342b2e1fbaa52c93f31447ad2c6abc048c63e475"
  version = "v0.3.2"

[[projects]]
  digest = "1:ef4bd1cd2563d93d3f48352fc24d499a4a2b54c11932814173653ece7db13800"
  name = "gopkg.in/ini.v1"
  packages = ["."]
  pruneopts = "UT"
  revision = "32cf4f7e9c77f151e18b53067b55549b4d1d411d"
  version = "v1.52.0"

[[projects]]
  digest = "1:55b110c99c5fdc4f14930747326acce56b52cfce60b24b1c03ef686ac0e46bb1"
  name = "gopkg.in/yaml.v2"
  packages = ["."]
  pruneopts = "UT"
  revision = "53403b58ad1b561927d19068c655246f2db79d48"
  version = "v2.2.8"

[[projects]]
  digest = "1:999d566ad1ae4303c456af5a155f7b42401cca4fd33552567ed9dd997b107a08"
  name = "mellium.im/sasl"
  packages = ["."]
  pruneopts = "UT"
  revision = "e58e780e1378aa4df5dc705364ff5ae9a4dd1e04"
  version = "v0.2.1"

[solve-meta]
  analyzer-name = "dep"
  analyzer-version = 1
  input-imports = [
    "github.com/go-pg/pg",
    "github.com/google/uuid",
    "github.com/icrowley/fake",
    "github.com/k0kubun/go-ansi",
    "github.com/schollz/progressbar",
    "github.com/sirupsen/logrus",
    "github.com/spf13/cobra",
    "github.com/spf13/viper",
    "gopkg.in/yaml.v2",
  ]
  solver-name = "gps-cdcl"
  solver-version = 1
